
Microsoft Visual Studio Solution File, Format Version 12.00
# Visual Studio Version 16
VisualStudioVersion = 16.0.29613.14
MinimumVisualStudioVersion = 10.0.40219.1
Project("{FAE04EC0-301F-11D3-BF4B-00C04F79EFBC}") = "Nnote_Project", "Nnote_Project\Nnote_Project.csproj", "{D74EAEFD-92F8-4306-9248-B9C33AFDBB1E}"
EndProject
Global
	GlobalSection(SolutionConfigurationPlatforms) = preSolution
		Debug|Any CPU = Debug|Any CPU
		Release|Any CPU = Release|Any CPU
	EndGlobalSection
	GlobalSection(ProjectConfigurationPlatforms) = postSolution
		{D74EAEFD-92F8-4306-9248-B9C33AFDBB1E}.Debug|Any CPU.ActiveCfg = Debug|x64
		{D74EAEFD-92F8-4306-9248-B9C33AFDBB1E}.Debug|Any CPU.Build.0 = Debug|x64
		{D74EAEFD-92F8-4306-9248-B9C33AFDBB1E}.Release|Any CPU.ActiveCfg = Release|Any CPU
		{D74EAEFD-92F8-4306-9248-B9C33AFDBB1E}.Release|Any CPU.Build.0 = Release|Any CPU
	EndGlobalSection
	GlobalSection(SolutionProperties) = preSolution
		HideSolutionNode = FALSE
	EndGlobalSection
	GlobalSection(ExtensibilityGlobals) = postSolution
		SolutionGuid = {51ACFC25-C90E-40F3-ACB0-E6603C72EA42}
	EndGlobalSection
EndGlobal
